
Microsoft Visual Studio Solution File, Format Version 12.00
# Visual Studio Version 16
VisualStudioVersion = 16.0.30406.217
MinimumVisualStudioVersion = 10.0.40219.1
Project("{8BC9CEB8-8B4A-11D0-8D11-00A0C91BC942}") = "leetcode1116_ZeroEvenOdd", "leetcode1116_ZeroEvenOdd\leetcode1116_ZeroEvenOdd.vcxproj", "{76B6737B-D62B-43BB-B71B-FAA745252C60}"
EndProject
Global
	GlobalSection(SolutionConfigurationPlatforms) = preSolution
		Debug|x64 = Debug|x64
		Debug|x86 = Debug|x86
		Release|x64 = Release|x64
		Release|x86 = Release|x86
	EndGlobalSection
	GlobalSection(ProjectConfigurationPlatforms) = postSolution
		{76B6737B-D62B-43BB-B71B-FAA745252C60}.Debug|x64.ActiveCfg = Debug|x64
		{76B6737B-D62B-43BB-B71B-FAA745252C60}.Debug|x64.Build.0 = Debug|x64
		{76B6737B-D62B-43BB-B71B-FAA745252C60}.Debug|x86.ActiveCfg = Debug|Win32
		{76B6737B-D62B-43BB-B71B-FAA745252C60}.Debug|x86.Build.0 = Debug|Win32
		{76B6737B-D62B-43BB-B71B-FAA745252C60}.Release|x64.ActiveCfg = Release|x64
		{76B6737B-D62B-43BB-B71B-FAA745252C60}.Release|x64.Build.0 = Release|x64
		{76B6737B-D62B-43BB-B71B-FAA745252C60}.Release|x86.ActiveCfg = Release|Win32
		{76B6737B-D62B-43BB-B71B-FAA745252C60}.Release|x86.Build.0 = Release|Win32
	EndGlobalSection
	GlobalSection(SolutionProperties) = preSolution
		HideSolutionNode = FALSE
	EndGlobalSection
	GlobalSection(ExtensibilityGlobals) = postSolution
		SolutionGuid = {B948C9B9-17BD-4173-888E-1797FAEC5DE6}
	EndGlobalSection
EndGlobal
